
Microsoft Visual Studio Solution File, Format Version 12.00
# Visual Studio 15
VisualStudioVersion = 15.0.27703.2035
MinimumVisualStudioVersion = 10.0.40219.1
Project("{FAE04EC0-301F-11D3-BF4B-00C04F79EFBC}") = "bazadanych2", "bazadanych2\bazadanych2.csproj", "{D334832A-93F8-479B-9C60-981CCEB27FB9}"
EndProject
Global
	GlobalSection(SolutionConfigurationPlatforms) = preSolution
		Debug|Any CPU = Debug|Any CPU
		Release|Any CPU = Release|Any CPU
	EndGlobalSection
	GlobalSection(ProjectConfigurationPlatforms) = postSolution
		{D334832A-93F8-479B-9C60-981CCEB27FB9}.Debug|Any CPU.ActiveCfg = Debug|Any CPU
		{D334832A-93F8-479B-9C60-981CCEB27FB9}.Debug|Any CPU.Build.0 = Debug|Any CPU
		{D334832A-93F8-479B-9C60-981CCEB27FB9}.Release|Any CPU.ActiveCfg = Release|Any CPU
		{D334832A-93F8-479B-9C60-981CCEB27FB9}.Release|Any CPU.Build.0 = Release|Any CPU
	EndGlobalSection
	GlobalSection(SolutionProperties) = preSolution
		HideSolutionNode = FALSE
	EndGlobalSection
	GlobalSection(ExtensibilityGlobals) = postSolution
		SolutionGuid = {9102E1C9-7FEC-4C76-993A-C9FB139A2799}
	EndGlobalSection
EndGlobal
